// !$*UTF8*$!
{
	archiveVersion = 1;
	classes = {
	};
	objectVersion = 48;
	objects = {

/* Begin PBXBuildFile section */
		290BBE6D1FD7F27B008971BB /* AppDelegate.swift in Sources */ = {isa = PBXBuildFile; fileRef = 290BBE6C1FD7F27B008971BB /* AppDelegate.swift */; };
		290BBE6F1FD7F27B008971BB /* ViewController.swift in Sources */ = {isa = PBXBuildFile; fileRef = 290BBE6E1FD7F27B008971BB /* ViewController.swift */; };
		290BBE721FD7F27B008971BB /* Main.storyboard in Resources */ = {isa = PBXBuildFile; fileRef = 290BBE701FD7F27B008971BB /* Main.storyboard */; };
		290BBE741FD7F27B008971BB /* Assets.xcassets in Resources */ = {isa = PBXBuildFile; fileRef = 290BBE731FD7F27B008971BB /* Assets.xcassets */; };
		290BBE771FD7F27B008971BB /* LaunchScreen.storyboard in Resources */ = {isa = PBXBuildFile; fileRef = 290BBE751FD7F27B008971BB /* LaunchScreen.storyboard */; };
		290BBE801FD7F372008971BB /* MainViewController.swift in Sources */ = {isa = PBXBuildFile; fileRef = 290BBE7E1FD7F372008971BB /* MainViewController.swift */; };
		290BBE811FD7F372008971BB /* MainViewController.xib in Resources */ = {isa = PBXBuildFile; fileRef = 290BBE7F1FD7F372008971BB /* MainViewController.xib */; };
/* End PBXBuildFile section */

/* Begin PBXFileReference section */
		290BBE691FD7F27B008971BB /* Pamiu.app */ = {isa = PBXFileReference; explicitFileType = wrapper.application; includeInIndex = 0; path = Pamiu.app; sourceTree = BUILT_PRODUCTS_DIR; };
		290BBE6C1FD7F27B008971BB /* AppDelegate.swift */ = {isa = PBXFileReference; lastKnownFileType = sourcecode.swift; path = AppDelegate.swift; sourceTree = "<group>"; };
		290BBE6E1FD7F27B008971BB /* ViewController.swift */ = {isa = PBXFileReference; lastKnownFileType = sourcecode.swift; path = ViewController.swift; sourceTree = "<group>"; };
		290BBE711FD7F27B008971BB /* Base */ = {isa = PBXFileReference; lastKnownFileType = file.storyboard; name = Base; path = Base.lproj/Main.storyboard; sourceTree = "<group>"; };
		290BBE731FD7F27B008971BB /* Assets.xcassets */ = {isa = PBXFileReference; lastKnownFileType = folder.assetcatalog; path = Assets.xcassets; sourceTree = "<group>"; };
		290BBE761FD7F27B008971BB /* Base */ = {isa = PBXFileReference; lastKnownFileType = file.storyboard; name = Base; path = Base.lproj/LaunchScreen.storyboard; sourceTree = "<group>"; };
		290BBE781FD7F27C008971BB /* Info.plist */ = {isa = PBXFileReference; lastKnownFileType = text.plist.xml; path = Info.plist; sourceTree = "<group>"; };
		290BBE7E1FD7F372008971BB /* MainViewController.swift */ = {isa = PBXFileReference; lastKnownFileType = sourcecode.swift; path = MainViewController.swift; sourceTree = "<group>"; };
		290BBE7F1FD7F372008971BB /* MainViewController.xib */ = {isa = PBXFileReference; lastKnownFileType = file.xib; path = MainViewController.xib; sourceTree = "<group>"; };
/* End PBXFileReference section */

/* Begin PBXFrameworksBuildPhase section */
		290BBE661FD7F27B008971BB /* Frameworks */ = {
			isa = PBXFrameworksBuildPhase;
			buildActionMask = 2147483647;
			files = (
			);
			runOnlyForDeploymentPostprocessing = 0;
		};
/* End PBXFrameworksBuildPhase section */

/* Begin PBXGroup section */
		290BBE601FD7F27B008971BB = {
			isa = PBXGroup;
			children = (
				290BBE6B1FD7F27B008971BB /* Pamiu */,
				290BBE6A1FD7F27B008971BB /* Products */,
			);
			sourceTree = "<group>";
		};
		290BBE6A1FD7F27B008971BB /* Products */ = {
			isa = PBXGroup;
			children = (
				290BBE691FD7F27B008971BB /* Pamiu.app */,
			);
			name = Products;
			sourceTree = "<group>";
		};
		290BBE6B1FD7F27B008971BB /* Pamiu */ = {
			isa = PBXGroup;
			children = (
				290BBE7E1FD7F372008971BB /* MainViewController.swift */,
				290BBE7F1FD7F372008971BB /* MainViewController.xib */,
				290BBE6C1FD7F27B008971BB /* AppDelegate.swift */,
				290BBE6E1FD7F27B008971BB /* ViewController.swift */,
				290BBE701FD7F27B008971BB /* Main.storyboard */,
				290BBE731FD7F27B008971BB /* Assets.xcassets */,
				290BBE751FD7F27B008971BB /* LaunchScreen.storyboard */,
				290BBE781FD7F27C008971BB /* Info.plist */,
			);
			path = Pamiu;
			sourceTree = "<group>";
		};
/* End PBXGroup section */

/* Begin PBXNativeTarget section */
		290BBE681FD7F27B008971BB /* Pamiu */ = {
			isa = PBXNativeTarget;
			buildConfigurationList = 290BBE7B1FD7F27C008971BB /* Build configuration list for PBXNativeTarget "Pamiu" */;
			buildPhases = (
				290BBE651FD7F27B008971BB /* Sources */,
				290BBE661FD7F27B008971BB /* Frameworks */,
				290BBE671FD7F27B008971BB /* Resources */,
			);
			buildRules = (
			);
			dependencies = (
			);
			name = Pamiu;
			productName = Pamiu;
			productReference = 290BBE691FD7F27B008971BB /* Pamiu.app */;
			productType = "com.apple.product-type.application";
		};
/* End PBXNativeTarget section */

/* Begin PBXProject section */
		290BBE611FD7F27B008971BB /* Project object */ = {
			isa = PBXProject;
			attributes = {
				LastSwiftUpdateCheck = 0920;
				LastUpgradeCheck = 0920;
				ORGANIZATIONNAME = studio.com;
				TargetAttributes = {
					290BBE681FD7F27B008971BB = {
						CreatedOnToolsVersion = 9.2;
						ProvisioningStyle = Automatic;
					};
				};
			};
			buildConfigurationList = 290BBE641FD7F27B008971BB /* Build configuration list for PBXProject "Pamiu" */;
			compatibilityVersion = "Xcode 8.0";
			developmentRegion = en;
			hasScannedForEncodings = 0;
			knownRegions = (
				en,
				Base,
			);
			mainGroup = 290BBE601FD7F27B008971BB;
			productRefGroup = 290BBE6A1FD7F27B008971BB /* Products */;
			projectDirPath = "";
			projectRoot = "";
			targets = (
				290BBE681FD7F27B008971BB /* Pamiu */,
			);
		};
/* End PBXProject section */

/* Begin PBXResourcesBuildPhase section */
		290BBE671FD7F27B008971BB /* Resources */ = {
			isa = PBXResourcesBuildPhase;
			buildActionMask = 2147483647;
			files = (
				290BBE771FD7F27B008971BB /* LaunchScreen.storyboard in Resources */,
				290BBE741FD7F27B008971BB /* Assets.xcassets in Resources */,
				290BBE721FD7F27B008971BB /* Main.storyboard in Resources */,
				290BBE811FD7F372008971BB /* MainViewController.xib in Resources */,
			);
			runOnlyForDeploymentPostprocessing = 0;
		};
/* End PBXResourcesBuildPhase section */

/* Begin PBXSourcesBuildPhase section */
		290BBE651FD7F27B008971BB /* Sources */ = {
			isa = PBXSourcesBuildPhase;
			buildActionMask = 2147483647;
			files = (
				290BBE801FD7F372008971BB /* MainViewController.swift in Sources */,
				290BBE6F1FD7F27B008971BB /* ViewController.swift in Sources */,
				290BBE6D1FD7F27B008971BB /* AppDelegate.swift in Sources */,
			);
			runOnlyForDeploymentPostprocessing = 0;
		};
/* End PBXSourcesBuildPhase section */

/* Begin PBXVariantGroup section */
		290BBE701FD7F27B008971BB /* Main.storyboard */ = {
			isa = PBXVariantGroup;
			children = (
				290BBE711FD7F27B008971BB /* Base */,
			);
			name = Main.storyboard;
			sourceTree = "<group>";
		};
		290BBE751FD7F27B008971BB /* LaunchScreen.storyboard */ = {
			isa = PBXVariantGroup;
			children = (
				290BBE761FD7F27B008971BB /* Base */,
			);
			name = LaunchScreen.storyboard;
			sourceTree = "<group>";
		};
/* End PBXVariantGroup section */

/* Begin XCBuildConfiguration section */
		290BBE791FD7F27C008971BB /* Debug */ = {
			isa = XCBuildConfiguration;
			buildSettings = {
				ALWAYS_SEARCH_USER_PATHS = NO;
				CLANG_ANALYZER_NONNULL = YES;
				CLANG_ANALYZER_NUMBER_OBJECT_CONVERSION = YES_AGGRESSIVE;
				CLANG_CXX_LANGUAGE_STANDARD = "gnu++14";
				CLANG_CXX_LIBRARY = "libc++";
				CLANG_ENABLE_MODULES = YES;
				CLANG_ENABLE_OBJC_ARC = YES;
				CLANG_WARN_BLOCK_CAPTURE_AUTORELEASING = YES;
				CLANG_WARN_BOOL_CONVERSION = YES;
				CLANG_WARN_COMMA = YES;
				CLANG_WARN_CONSTANT_CONVERSION = YES;
				CLANG_WARN_DIRECT_OBJC_ISA_USAGE = YES_ERROR;
				CLANG_WARN_DOCUMENTATION_COMMENTS = YES;
				CLANG_WARN_EMPTY_BODY = YES;
				CLANG_WARN_ENUM_CONVERSION = YES;
				CLANG_WARN_INFINITE_RECURSION = YES;
				CLANG_WARN_INT_CONVERSION = YES;
				CLANG_WARN_NON_LITERAL_NULL_CONVERSION = YES;
				CLANG_WARN_OBJC_LITERAL_CONVERSION = YES;
				CLANG_WARN_OBJC_ROOT_CLASS = YES_ERROR;
				CLANG_WARN_RANGE_LOOP_ANALYSIS = YES;
				CLANG_WARN_STRICT_PROTOTYPES = YES;
				CLANG_WARN_SUSPICIOUS_MOVE = YES;
				CLANG_WARN_UNGUARDED_AVAILABILITY = YES_AGGRESSIVE;
				CLANG_WARN_UNREACHABLE_CODE = YES;
				CLANG_WARN__DUPLICATE_METHOD_MATCH = YES;
				CODE_SIGN_IDENTITY = "iPhone Developer";
				COPY_PHASE_STRIP = NO;
				DEBUG_INFORMATION_FORMAT = dwarf;
				ENABLE_STRICT_OBJC_MSGSEND = YES;
				ENABLE_TESTABILITY = YES;
				GCC_C_LANGUAGE_STANDARD = gnu11;
				GCC_DYNAMIC_NO_PIC = NO;
				GCC_NO_COMMON_BLOCKS = YES;
				GCC_OPTIMIZATION_LEVEL = 0;
				GCC_PREPROCESSOR_DEFINITIONS = (
					"DEBUG=1",
					"$(inherited)",
				);
				GCC_WARN_64_TO_32_BIT_CONVERSION = YES;
				GCC_WARN_ABOUT_RETURN_TYPE = YES_ERROR;
				GCC_WARN_UNDECLARED_SELECTOR = YES;
				GCC_WARN_UNINITIALIZED_AUTOS = YES_AGGRESSIVE;
				GCC_WARN_UNUSED_FUNCTION = YES;
				GCC_WARN_UNUSED_VARIABLE = YES;
				IPHONEOS_DEPLOYMENT_TARGET = 9.0;
				MTL_ENABLE_DEBUG_INFO = YES;
				ONLY_ACTIVE_ARCH = YES;
				SDKROOT = iphoneos;
				SWIFT_ACTIVE_COMPILATION_CONDITIONS = DEBUG;
				SWIFT_OPTIMIZATION_LEVEL = "-Onone";
			};
			name = Debug;
		};
		290BBE7A1FD7F27C008971BB /* Release */ = {
			isa = XCBuildConfiguration;
			buildSettings = {
				ALWAYS_SEARCH_USER_PATHS = NO;
				CLANG_ANALYZER_NONNULL = YES;
				CLANG_ANALYZER_NUMBER_OBJECT_CONVERSION = YES_AGGRESSIVE;
				CLANG_CXX_LANGUAGE_STANDARD = "gnu++14";
				CLANG_CXX_LIBRARY = "libc++";
				CLANG_ENABLE_MODULES = YES;
				CLANG_ENABLE_OBJC_ARC = YES;
				CLANG_WARN_BLOCK_CAPTURE_AUTORELEASING = YES;
				CLANG_WARN_BOOL_CONVERSION = YES;
				CLANG_WARN_COMMA = YES;
				CLANG_WARN_CONSTANT_CONVERSION = YES;
				CLANG_WARN_DIRECT_OBJC_ISA_USAGE = YES_ERROR;
				CLANG_WARN_DOCUMENTATION_COMMENTS = YES;
				CLANG_WARN_EMPTY_BODY = YES;
				CLANG_WARN_ENUM_CONVERSION = YES;
				CLANG_WARN_INFINITE_RECURSION = YES;
				CLANG_WARN_INT_CONVERSION = YES;
				CLANG_WARN_NON_LITERAL_NULL_CONVERSION = YES;
				CLANG_WARN_OBJC_LITERAL_CONVERSION = YES;
				CLANG_WARN_OBJC_ROOT_CLASS = YES_ERROR;
				CLANG_WARN_RANGE_LOOP_ANALYSIS = YES;
				CLANG_WARN_STRICT_PROTOTYPES = YES;
				CLANG_WARN_SUSPICIOUS_MOVE = YES;
				CLANG_WARN_UNGUARDED_AVAILABILITY = YES_AGGRESSIVE;
				CLANG_WARN_UNREACHABLE_CODE = YES;
				CLANG_WARN__DUPLICATE_METHOD_MATCH = YES;
				CODE_SIGN_IDENTITY = "iPhone Developer";
				COPY_PHASE_STRIP = NO;
				DEBUG_INFORMATION_FORMAT = "dwarf-with-dsym";
				ENABLE_NS_ASSERTIONS = NO;
				ENABLE_STRICT_OBJC_MSGSEND = YES;
				GCC_C_LANGUAGE_STANDARD = gnu11;
				GCC_NO_COMMON_BLOCKS = YES;
				GCC_WARN_64_TO_32_BIT_CONVERSION = YES;
				GCC_WARN_ABOUT_RETURN_TYPE = YES_ERROR;
				GCC_WARN_UNDECLARED_SELECTOR = YES;
				GCC_WARN_UNINITIALIZED_AUTOS = YES_AGGRESSIVE;
				GCC_WARN_UNUSED_FUNCTION = YES;
				GCC_WARN_UNUSED_VARIABLE = YES;
				IPHONEOS_DEPLOYMENT_TARGET = 9.0;
				MTL_ENABLE_DEBUG_INFO = NO;
				SDKROOT = iphoneos;
				SWIFT_OPTIMIZATION_LEVEL = "-Owholemodule";
				VALIDATE_PRODUCT = YES;
			};
			name = Release;
		};
		290BBE7C1FD7F27C008971BB /* Debug */ = {
			isa = XCBuildConfiguration;
			buildSettings = {
				ASSETCATALOG_COMPILER_APPICON_NAME = AppIcon;
				CODE_SIGN_STYLE = Automatic;
				DEVELOPMENT_TEAM = R8UEK2VATK;
				INFOPLIST_FILE = Pamiu/Info.plist;
				LD_RUNPATH_SEARCH_PATHS = "$(inherited) @executable_path/Frameworks";
				PRODUCT_BUNDLE_IDENTIFIER = studio.com.Pamiu;
				PRODUCT_NAME = "$(TARGET_NAME)";
				SWIFT_VERSION = 4.0;
				TARGETED_DEVICE_FAMILY = "1,2";
			};
			name = Debug;
		};
		290BBE7D1FD7F27C008971BB /* Release */ = {
			isa = XCBuildConfiguration;
			buildSettings = {
				ASSETCATALOG_COMPILER_APPICON_NAME = AppIcon;
				CODE_SIGN_STYLE = Automatic;
				DEVELOPMENT_TEAM = R8UEK2VATK;
				INFOPLIST_FILE = Pamiu/Info.plist;
				LD_RUNPATH_SEARCH_PATHS = "$(inherited) @executable_path/Frameworks";
				PRODUCT_BUNDLE_IDENTIFIER = studio.com.Pamiu;
				PRODUCT_NAME = "$(TARGET_NAME)";
				SWIFT_VERSION = 4.0;
				TARGETED_DEVICE_FAMILY = "1,2";
			};
			name = Release;
		};
/* End XCBuildConfiguration section */

/* Begin XCConfigurationList section */
		290BBE641FD7F27B008971BB /* Build configuration list for PBXProject "Pamiu" */ = {
			isa = XCConfigurationList;
			buildConfigurations = (
				290BBE791FD7F27C008971BB /* Debug */,
				290BBE7A1FD7F27C008971BB /* Release */,
			);
			defaultConfigurationIsVisible = 0;
			defaultConfigurationName = Release;
		};
		290BBE7B1FD7F27C008971BB /* Build configuration list for PBXNativeTarget "Pamiu" */ = {
			isa = XCConfigurationList;
			buildConfigurations = (
				290BBE7C1FD7F27C008971BB /* Debug */,
				290BBE7D1FD7F27C008971BB /* Release */,
			);
			defaultConfigurationIsVisible = 0;
			defaultConfigurationName = Release;
		};
/* End XCConfigurationList section */
	};
	rootObject = 290BBE611FD7F27B008971BB /* Project object */;
}
